
Microsoft Visual Studio Solution File, Format Version 12.00
# Visual Studio Version 16
VisualStudioVersion = 16.0.31313.79
MinimumVisualStudioVersion = 10.0.40219.1
Project("{FAE04EC0-301F-11D3-BF4B-00C04F79EFBC}") = "JsonDatBuilder", "JsonDatBuilder\JsonDatBuilder.csproj", "{DD12E913-2AC8-4060-94F2-8D6B5F184DE5}"
EndProject
Global
	GlobalSection(SolutionConfigurationPlatforms) = preSolution
		Debug|Any CPU = Debug|Any CPU
		Release|Any CPU = Release|Any CPU
	EndGlobalSection
	GlobalSection(ProjectConfigurationPlatforms) = postSolution
		{DD12E913-2AC8-4060-94F2-8D6B5F184DE5}.Debug|Any CPU.ActiveCfg = Debug|Any CPU
		{DD12E913-2AC8-4060-94F2-8D6B5F184DE5}.Debug|Any CPU.Build.0 = Debug|Any CPU
		{DD12E913-2AC8-4060-94F2-8D6B5F184DE5}.Release|Any CPU.ActiveCfg = Release|Any CPU
		{DD12E913-2AC8-4060-94F2-8D6B5F184DE5}.Release|Any CPU.Build.0 = Release|Any CPU
	EndGlobalSection
	GlobalSection(SolutionProperties) = preSolution
		HideSolutionNode = FALSE
	EndGlobalSection
	GlobalSection(ExtensibilityGlobals) = postSolution
		SolutionGuid = {558BA804-E27D-466A-A04A-927E6C3EC736}
	EndGlobalSection
EndGlobal
